
Microsoft Visual Studio Solution File, Format Version 12.00
# Visual Studio 15
VisualStudioVersion = 15.0.28307.489
MinimumVisualStudioVersion = 10.0.40219.1
Project("{FAE04EC0-301F-11D3-BF4B-00C04F79EFBC}") = "point", "point\point.csproj", "{5BA201B7-37AD-4241-A794-40B3F0400E36}"
EndProject
Global
	GlobalSection(SolutionConfigurationPlatforms) = preSolution
		Debug|Any CPU = Debug|Any CPU
		Release|Any CPU = Release|Any CPU
	EndGlobalSection
	GlobalSection(ProjectConfigurationPlatforms) = postSolution
		{5BA201B7-37AD-4241-A794-40B3F0400E36}.Debug|Any CPU.ActiveCfg = Debug|Any CPU
		{5BA201B7-37AD-4241-A794-40B3F0400E36}.Debug|Any CPU.Build.0 = Debug|Any CPU
		{5BA201B7-37AD-4241-A794-40B3F0400E36}.Release|Any CPU.ActiveCfg = Release|Any CPU
		{5BA201B7-37AD-4241-A794-40B3F0400E36}.Release|Any CPU.Build.0 = Release|Any CPU
	EndGlobalSection
	GlobalSection(SolutionProperties) = preSolution
		HideSolutionNode = FALSE
	EndGlobalSection
	GlobalSection(ExtensibilityGlobals) = postSolution
		SolutionGuid = {A1963740-88AF-4669-A524-10B4986FE097}
	EndGlobalSection
EndGlobal
